
Microsoft Visual Studio Solution File, Format Version 12.00
# Visual Studio Version 17
VisualStudioVersion = 17.3.32811.315
MinimumVisualStudioVersion = 10.0.40219.1
Project("{FAE04EC0-301F-11D3-BF4B-00C04F79EFBC}") = "Store", "Store.csproj", "{83853F75-C7AD-420E-A63C-13DE5CEFA469}"
EndProject
Global
	GlobalSection(SolutionConfigurationPlatforms) = preSolution
		Debug|Any CPU = Debug|Any CPU
		Release|Any CPU = Release|Any CPU
	EndGlobalSection
	GlobalSection(ProjectConfigurationPlatforms) = postSolution
		{83853F75-C7AD-420E-A63C-13DE5CEFA469}.Debug|Any CPU.ActiveCfg = Debug|Any CPU
		{83853F75-C7AD-420E-A63C-13DE5CEFA469}.Debug|Any CPU.Build.0 = Debug|Any CPU
		{83853F75-C7AD-420E-A63C-13DE5CEFA469}.Release|Any CPU.ActiveCfg = Release|Any CPU
		{83853F75-C7AD-420E-A63C-13DE5CEFA469}.Release|Any CPU.Build.0 = Release|Any CPU
		{D74E1290-7BCB-4E26-A34D-C5F4BD9D313F}.Debug|Any CPU.ActiveCfg = Debug|Any CPU
		{D74E1290-7BCB-4E26-A34D-C5F4BD9D313F}.Debug|Any CPU.Build.0 = Debug|Any CPU
		{D74E1290-7BCB-4E26-A34D-C5F4BD9D313F}.Release|Any CPU.ActiveCfg = Release|Any CPU
		{D74E1290-7BCB-4E26-A34D-C5F4BD9D313F}.Release|Any CPU.Build.0 = Release|Any CPU
		{F7A2C069-80A4-431E-BDC4-7296D03EB79B}.Debug|Any CPU.ActiveCfg = Debug|Any CPU
		{F7A2C069-80A4-431E-BDC4-7296D03EB79B}.Debug|Any CPU.Build.0 = Debug|Any CPU
		{F7A2C069-80A4-431E-BDC4-7296D03EB79B}.Release|Any CPU.ActiveCfg = Release|Any CPU
		{F7A2C069-80A4-431E-BDC4-7296D03EB79B}.Release|Any CPU.Build.0 = Release|Any CPU
		{75ADEF41-B9A7-4386-A9FC-A85E2BE99FC3}.Debug|Any CPU.ActiveCfg = Debug|Any CPU
		{75ADEF41-B9A7-4386-A9FC-A85E2BE99FC3}.Debug|Any CPU.Build.0 = Debug|Any CPU
		{75ADEF41-B9A7-4386-A9FC-A85E2BE99FC3}.Release|Any CPU.ActiveCfg = Release|Any CPU
		{75ADEF41-B9A7-4386-A9FC-A85E2BE99FC3}.Release|Any CPU.Build.0 = Release|Any CPU
		{BC34E080-6FDD-4708-B0FD-DFBD3FF367B9}.Debug|Any CPU.ActiveCfg = Debug|Any CPU
		{BC34E080-6FDD-4708-B0FD-DFBD3FF367B9}.Debug|Any CPU.Build.0 = Debug|Any CPU
		{BC34E080-6FDD-4708-B0FD-DFBD3FF367B9}.Release|Any CPU.ActiveCfg = Release|Any CPU
		{BC34E080-6FDD-4708-B0FD-DFBD3FF367B9}.Release|Any CPU.Build.0 = Release|Any CPU
	EndGlobalSection
	GlobalSection(SolutionProperties) = preSolution
		HideSolutionNode = FALSE
	EndGlobalSection
	GlobalSection(ExtensibilityGlobals) = postSolution
		SolutionGuid = {1E4CDA13-120B-4D5F-8722-FE792968C5FC}
	EndGlobalSection
EndGlobal
